version = 1
revision = 3
requires-python = "==3.12.*"

[[package]]
name = "blake3"
version = "1.0.8"
source = { registry = "https://pypi.org/simple" }
sdist = { url = "https://files.pythonhosted.org/packages/75/aa/abcd75e9600987a0bc6cfe9b6b2ff3f0e2cb08c170addc6e76035b5c4cb3/blake3-1.0.8.tar.gz", hash = "sha256:513cc7f0f5a7c035812604c2c852a0c1468311345573de647e310aca4ab165ba", size = 117308, upload-time = "2025-10-14T06:47:48.83Z" }
wheels = [
    { url = "https://files.pythonhosted.org/packages/ed/a0/b7b6dff04012cfd6e665c09ee446f749bd8ea161b00f730fe1bdecd0f033/blake3-1.0.8-cp312-cp312-macosx_10_12_x86_64.whl", hash = "sha256:d8da4233984d51471bd4e4366feda1d90d781e712e0a504ea54b1f2b3577557b", size = 347983, upload-time = "2025-10-14T06:45:47.214Z" },
    { url = "https://files.pythonhosted.org/packages/5b/a2/264091cac31d7ae913f1f296abc20b8da578b958ffb86100a7ce80e8bf5c/blake3-1.0.8-cp312-cp312-macosx_11_0_arm64.whl", hash = "sha256:1257be19f2d381c868a34cc822fc7f12f817ddc49681b6d1a2790bfbda1a9865", size = 325415, upload-time = "2025-10-14T06:45:48.482Z" },
    { url = "https://files.pythonhosted.org/packages/ee/7d/85a4c0782f613de23d114a7a78fcce270f75b193b3ff3493a0de24ba104a/blake3-1.0.8-cp312-cp312-manylinux_2_17_aarch64.manylinux2014_aarch64.whl", hash = "sha256:269f255b110840e52b6ce9db02217e39660ebad3e34ddd5bca8b8d378a77e4e1", size = 371296, upload-time = "2025-10-14T06:45:49.674Z" },
    { url = "https://files.pythonhosted.org/packages/e3/20/488475254976ed93fab57c67aa80d3b40df77f7d9db6528c9274bff53e08/blake3-1.0.8-cp312-cp312-manylinux_2_17_armv7l.manylinux2014_armv7l.whl", hash = "sha256:66ca28a673025c40db3eba21a9cac52f559f83637efa675b3f6bd8683f0415f3", size = 374516, upload-time = "2025-10-14T06:45:51.23Z" },
    { url = "https://files.pythonhosted.org/packages/7b/21/2a1c47fedb77fb396512677ec6d46caf42ac6e9a897db77edd0a2a46f7bb/blake3-1.0.8-cp312-cp312-manylinux_2_17_i686.manylinux2014_i686.whl", hash = "sha256:bcb04966537777af56c1f399b35525aa70a1225816e121ff95071c33c0f7abca", size = 447911, upload-time = "2025-10-14T06:45:52.637Z" },
    { url = "https://files.pythonhosted.org/packages/cb/7d/db0626df16029713e7e61b67314c4835e85c296d82bd907c21c6ea271da2/blake3-1.0.8-cp312-cp312-manylinux_2_17_ppc64le.manylinux2014_ppc64le.whl", hash = "sha256:e5b5da177d62cc4b7edf0cea08fe4dec960c9ac27f916131efa890a01f747b93", size = 505420, upload-time = "2025-10-14T06:45:54.445Z" },
    { url = "https://files.pythonhosted.org/packages/5b/55/6e737850c2d58a6d9de8a76dad2ae0f75b852a23eb4ecb07a0b165e6e436/blake3-1.0.8-cp312-cp312-manylinux_2_17_s390x.manylinux2014_s390x.whl", hash = "sha256:38209b10482c97e151681ea3e91cc7141f56adbbf4820a7d701a923124b41e6a", size = 394189, upload-time = "2025-10-14T06:45:55.719Z" },
    { url = "https://files.pythonhosted.org/packages/5b/94/eafaa5cdddadc0c9c603a6a6d8339433475e1a9f60c8bb9c2eed2d8736b6/blake3-1.0.8-cp312-cp312-manylinux_2_17_x86_64.manylinux2014_x86_64.whl", hash = "sha256:504d1399b7fb91dfe5c25722d2807990493185faa1917456455480c36867adb5", size = 388001, upload-time = "2025-10-14T06:45:57.067Z" },
    { url = "https://files.pythonhosted.org/packages/17/81/735fa00d13de7f68b25e1b9cb36ff08c6f165e688d85d8ec2cbfcdedccc5/blake3-1.0.8-cp312-cp312-musllinux_1_1_aarch64.whl", hash = "sha256:c84af132aa09abeadf9a0118c8fb26f4528f3f42c10ef8be0fcf31c478774ec4", size = 550302, upload-time = "2025-10-14T06:45:58.657Z" },
    { url = "https://files.pythonhosted.org/packages/0e/c6/d1fe8bdea4a6088bd54b5a58bc40aed89a4e784cd796af7722a06f74bae7/blake3-1.0.8-cp312-cp312-musllinux_1_1_x86_64.whl", hash = "sha256:a25db3d36b55f5ed6a86470155cc749fc9c5b91c949b8d14f48658f9d960d9ec", size = 554211, upload-time = "2025-10-14T06:46:00.269Z" },
    { url = "https://files.pythonhosted.org/packages/55/d1/ca74aa450cbe10e396e061f26f7a043891ffa1485537d6b30d3757e20995/blake3-1.0.8-cp312-cp312-win32.whl", hash = "sha256:e0fee93d5adcd44378b008c147e84f181f23715307a64f7b3db432394bbfce8b", size = 228343, upload-time = "2025-10-14T06:46:01.533Z" },
    { url = "https://files.pythonhosted.org/packages/4d/42/bbd02647169e3fbed27558555653ac2578c6f17ccacf7d1956c58ef1d214/blake3-1.0.8-cp312-cp312-win_amd64.whl", hash = "sha256:6a6eafc29e4f478d365a87d2f25782a521870c8514bb43734ac85ae9be71caf7", size = 215704, upload-time = "2025-10-14T06:46:02.79Z" },
]

[[package]]
name = "cascadia-mlx"
version = "0.1.0"
source = { editable = "." }
dependencies = [
    { name = "blake3" },
    { name = "mlx" },
    { name = "numpy" },
]

[package.dev-dependencies]
dev = [
    { name = "pytest" },
    { name = "ruff" },
]

[package.metadata]
requires-dist = [
    { name = "blake3", specifier = ">=1.0,<2" },
    { name = "mlx", specifier = "==0.31.2" },
    { name = "numpy", specifier = ">=2.2,<3" },
]

[package.metadata.requires-dev]
dev = [
    { name = "pytest", specifier = ">=8.4,<10" },
    { name = "ruff", specifier = ">=0.11,<1" },
]

[[package]]
name = "colorama"
version = "0.4.6"
source = { registry = "https://pypi.org/simple" }
sdist = { url = "https://files.pythonhosted.org/packages/d8/53/6f443c9a4a8358a93a6792e2acffb9d9d5cb0a5cfd8802644b7b1c9a02e4/colorama-0.4.6.tar.gz", hash = "sha256:08695f5cb7ed6e0531a20572697297273c47b8cae5a63ffc6d6ed5c201be6e44", size = 27697, upload-time = "2022-10-25T02:36:22.414Z" }
wheels = [
    { url = "https://files.pythonhosted.org/packages/d1/d6/3965ed04c63042e047cb6a3e6ed1a63a35087b6a609aa3a15ed8ac56c221/colorama-0.4.6-py2.py3-none-any.whl", hash = "sha256:4f1d9991f5acc0ca119f9d443620b77f9d6b33703e51011c16baf57afb285fc6", size = 25335, upload-time = "2022-10-25T02:36:20.889Z" },
]

[[package]]
name = "iniconfig"
version = "2.3.0"
source = { registry = "https://pypi.org/simple" }
sdist = { url = "https://files.pythonhosted.org/packages/72/34/14ca021ce8e5dfedc35312d08ba8bf51fdd999c576889fc2c24cb97f4f10/iniconfig-2.3.0.tar.gz", hash = "sha256:c76315c77db068650d49c5b56314774a7804df16fee4402c1f19d6d15d8c4730", size = 20503, upload-time = "2025-10-18T21:55:43.219Z" }
wheels = [
    { url = "https://files.pythonhosted.org/packages/cb/b1/3846dd7f199d53cb17f49cba7e651e9ce294d8497c8c150530ed11865bb8/iniconfig-2.3.0-py3-none-any.whl", hash = "sha256:f631c04d2c48c52b84d0d0549c99ff3859c98df65b3101406327ecc7d53fbf12", size = 7484, upload-time = "2025-10-18T21:55:41.639Z" },
]

[[package]]
name = "mlx"
version = "0.31.2"
source = { registry = "https://pypi.org/simple" }
dependencies = [
    { name = "mlx-metal", marker = "sys_platform == 'darwin'" },
]
wheels = [
    { url = "https://files.pythonhosted.org/packages/c3/47/5f33906cb03d6a378a697cd2d2641a26b37dea17ee3d9124d7e39e8eca01/mlx-0.31.2-cp312-cp312-macosx_14_0_arm64.whl", hash = "sha256:e5067aaf2be1f3d7bba5be52348775804f111173c1ed04639618fd713b1a530f", size = 584863, upload-time = "2026-04-22T03:14:38.211Z" },
    { url = "https://files.pythonhosted.org/packages/08/e7/a851a451b1327af9fb4df3991b9ae87d066b6f6630e854af55c288b0995a/mlx-0.31.2-cp312-cp312-macosx_15_0_arm64.whl", hash = "sha256:edb9797db7d852477ca1c99708058654ee860d4148fe5765f0d55528e2b1aa22", size = 584860, upload-time = "2026-04-22T03:14:39.746Z" },
    { url = "https://files.pythonhosted.org/packages/3b/15/0d1dc0597644e5e7b011ca954ba0c47e13cd880a3b909b0c3f1b4d8bf8f1/mlx-0.31.2-cp312-cp312-macosx_26_0_arm64.whl", hash = "sha256:51ca102db641b01e7cb083ce8ecb580e281530a141a7ca12544bb370641630ae", size = 584887, upload-time = "2026-04-22T03:14:41.585Z" },
    { url = "https://files.pythonhosted.org/packages/5d/c3/00664239a98e8bd614733c4182cd402d2bacad2d7f79eca66562ac406870/mlx-0.31.2-cp312-cp312-manylinux_2_35_aarch64.whl", hash = "sha256:117c7583cae0ca107cd53c591cc34f8e75f97a505aa47088844b7dc0fc69dc67", size = 627863, upload-time = "2026-04-22T03:14:43.326Z" },
    { url = "https://files.pythonhosted.org/packages/53/7b/af6cd73a79772af6f19eab2cb4c48eda23a9294d1650a4c1269a9996e532/mlx-0.31.2-cp312-cp312-manylinux_2_35_x86_64.whl", hash = "sha256:99572133181481640a8bf8d449daf083816d0af3ee050c8adfc5bf45ceca91c6", size = 685090, upload-time = "2026-04-22T03:14:45.058Z" },
]

[[package]]
name = "mlx-metal"
version = "0.31.2"
source = { registry = "https://pypi.org/simple" }
wheels = [
    { url = "https://files.pythonhosted.org/packages/3f/69/fe3b783ebe999f3118234e1e940feb622518bfb1dea6ac5d13b1d36a8449/mlx_metal-0.31.2-py3-none-macosx_14_0_arm64.whl", hash = "sha256:b25385bcee18fc194092255b8b53b9a3d8489eb650e59160f1b57aadd07aa2dc", size = 40055588, upload-time = "2026-04-22T03:14:14.43Z" },
    { url = "https://files.pythonhosted.org/packages/4f/5d/4c690d5b93c30ba002656c37363159d978705bf8eb801b8481840fb942c2/mlx_metal-0.31.2-py3-none-macosx_15_0_arm64.whl", hash = "sha256:e9d4e5fce6ca10a87a0e388597f99519ad594d09e674708b5312bd8bd4f5997d", size = 40053220, upload-time = "2026-04-22T03:14:18.048Z" },
    { url = "https://files.pythonhosted.org/packages/99/82/11fd62a8d7a3e96e5c43220b17de0151e3f10101f8bb3b865f5bd9cdd074/mlx_metal-0.31.2-py3-none-macosx_26_0_arm64.whl", hash = "sha256:84ffb60ee503f03eb684f5fb168d5cff31e2a16b7f27c1731eaf7662bd6e9b46", size = 55792151, upload-time = "2026-04-22T03:14:22.059Z" },
]

[[package]]
name = "numpy"
version = "2.4.6"
source = { registry = "https://pypi.org/simple" }
sdist = { url = "https://files.pythonhosted.org/packages/d0/ad/fed0499ce6a338d2a03ebae59cd15093910c8875328855781952abf6c2fe/numpy-2.4.6.tar.gz", hash = "sha256:f3a3570c4a2a16746ac2c31a7c7c7b0c186b95ce902e33db6f28094ed7387dda", size = 20735807, upload-time = "2026-05-18T23:37:14.07Z" }
wheels = [
    { url = "https://files.pythonhosted.org/packages/95/2a/3d7b5ac8aac24feaf9ad7ed58f45b0bbc06d37e4338ae84c9f2298b570f9/numpy-2.4.6-cp312-cp312-macosx_10_13_x86_64.whl", hash = "sha256:001fbb8e08d942dd57599e781f2472269ee7f2755fae407b4f67b2f0b17da3f1", size = 16689119, upload-time = "2026-05-18T23:33:54.065Z" },
    { url = "https://files.pythonhosted.org/packages/ea/12/92c4c131527599e8288d6918e888d88726f84d805d784b771f32408aeaef/numpy-2.4.6-cp312-cp312-macosx_11_0_arm64.whl", hash = "sha256:ebfb099f8dcf083deef3ac1ca4c1503f387cf76296fcb3816b66f5ecb5f54fdb", size = 14699246, upload-time = "2026-05-18T23:33:57.621Z" },
    { url = "https://files.pythonhosted.org/packages/ad/fe/c0a6b7b2ca128a8fb228575147073b660656734b8ebe4d76c8fd748dcc79/numpy-2.4.6-cp312-cp312-macosx_14_0_arm64.whl", hash = "sha256:3213d622a0283a39a93d188f3cf72b26862df52fbb4ca3697f51705016523d41", size = 5204410, upload-time = "2026-05-18T23:34:00.302Z" },
    { url = "https://files.pythonhosted.org/packages/f3/d4/9770d14ba719432bb90a421bfd443872ed0f70f7264b64bec12ea363d5fd/numpy-2.4.6-cp312-cp312-macosx_14_0_x86_64.whl", hash = "sha256:357cc07a6d7b0b182ff02249616a03742827ebb1277546b5c7cd7f7620a45698", size = 6551240, upload-time = "2026-05-18T23:34:02.852Z" },
    { url = "https://files.pythonhosted.org/packages/c9/c6/50a46a6205feba2343f1d6d17438107c5dc491ed1c736e6ea68689fd906b/numpy-2.4.6-cp312-cp312-manylinux_2_27_aarch64.manylinux_2_28_aarch64.whl", hash = "sha256:5f9fb9157b4ce2971008323afe46053787b526ef624fea915b261468a8421a0f", size = 15671012, upload-time = "2026-05-18T23:34:05.485Z" },
    { url = "https://files.pythonhosted.org/packages/99/60/14115e6364fa676c5397c2ad3004e527e9aa487abf5d0706ec81bbd08529/numpy-2.4.6-cp312-cp312-manylinux_2_27_x86_64.manylinux_2_28_x86_64.whl", hash = "sha256:90f9849678c75fe7afa2d348ac842c168b0a4d3d61919687216dfc547976d853", size = 16645538, upload-time = "2026-05-18T23:34:09.265Z" },
    { url = "https://files.pythonhosted.org/packages/ae/c5/693cbe59e57db94d2231fa519ca3978dc9e19da5a8f088588f5c6e947ff2/numpy-2.4.6-cp312-cp312-musllinux_1_2_aarch64.whl", hash = "sha256:c1a2af6c6ef86344a6b0db6b97834208bf598db514f2b155042439b62605601a", size = 17020706, upload-time = "2026-05-18T23:34:13.053Z" },
    { url = "https://files.pythonhosted.org/packages/ef/fc/85b7c4eff9b4966ade25c2273cf7e7012e92366c032058653934b37de044/numpy-2.4.6-cp312-cp312-musllinux_1_2_x86_64.whl", hash = "sha256:e5805d5a22fd19c8ccff10a9561f9df94436b0545619ea579db2d3c35294bce2", size = 18368541, upload-time = "2026-05-18T23:34:17.024Z" },
    { url = "https://files.pythonhosted.org/packages/f6/81/e1b27545deedce7f4a0b348618c6b62d74e36a4dc9ccd42f3eb2f85eee32/numpy-2.4.6-cp312-cp312-win32.whl", hash = "sha256:e3eeb0aabd6bd5ce64faae67e9935203a6991b4bc2a485a767fbafb2c5125f45", size = 5962825, upload-time = "2026-05-18T23:34:20.3Z" },
    { url = "https://files.pythonhosted.org/packages/ab/ca/feab00bd44aa5fe1ad2c18f08b4d3bb92e26484b0b1d1443897809ed528c/numpy-2.4.6-cp312-cp312-win_amd64.whl", hash = "sha256:d8e8286dd7cea7895157318d1b91cdacac64c479f3cbc8dce548331728484751", size = 12321687, upload-time = "2026-05-18T23:34:23.095Z" },
    { url = "https://files.pythonhosted.org/packages/63/cf/5a6d34850a39d1093558564f77ee8e8e0bee5061151b8f05a55711001ec7/numpy-2.4.6-cp312-cp312-win_arm64.whl", hash = "sha256:4081eb135ac24158bd51cdfbef16f1c64df7063b1143f24731387137c092bec8", size = 10221482, upload-time = "2026-05-18T23:34:25.876Z" },
]

[[package]]
name = "packaging"
version = "26.2"
source = { registry = "https://pypi.org/simple" }
sdist = { url = "https://files.pythonhosted.org/packages/d7/f1/e7a6dd94a8d4a5626c03e4e99c87f241ba9e350cd9e6d75123f992427270/packaging-26.2.tar.gz", hash = "sha256:ff452ff5a3e828ce110190feff1178bb1f2ea2281fa2075aadb987c2fb221661", size = 228134, upload-time = "2026-04-24T20:15:23.917Z" }
wheels = [
    { url = "https://files.pythonhosted.org/packages/df/b2/87e62e8c3e2f4b32e5fe99e0b86d576da1312593b39f47d8ceef365e95ed/packaging-26.2-py3-none-any.whl", hash = "sha256:5fc45236b9446107ff2415ce77c807cee2862cb6fac22b8a73826d0693b0980e", size = 100195, upload-time = "2026-04-24T20:15:22.081Z" },
]

[[package]]
name = "pluggy"
version = "1.6.0"
source = { registry = "https://pypi.org/simple" }
sdist = { url = "https://files.pythonhosted.org/packages/f9/e2/3e91f31a7d2b083fe6ef3fa267035b518369d9511ffab804f839851d2779/pluggy-1.6.0.tar.gz", hash = "sha256:7dcc130b76258d33b90f61b658791dede3486c3e6bfb003ee5c9bfb396dd22f3", size = 69412, upload-time = "2025-05-15T12:30:07.975Z" }
wheels = [
    { url = "https://files.pythonhosted.org/packages/54/20/4d324d65cc6d9205fabedc306948156824eb9f0ee1633355a8f7ec5c66bf/pluggy-1.6.0-py3-none-any.whl", hash = "sha256:e920276dd6813095e9377c0bc5566d94c932c33b27a3e3945d8389c374dd4746", size = 20538, upload-time = "2025-05-15T12:30:06.134Z" },
]

[[package]]
name = "pygments"
version = "2.20.0"
source = { registry = "https://pypi.org/simple" }
sdist = { url = "https://files.pythonhosted.org/packages/c3/b2/bc9c9196916376152d655522fdcebac55e66de6603a76a02bca1b6414f6c/pygments-2.20.0.tar.gz", hash = "sha256:6757cd03768053ff99f3039c1a36d6c0aa0b263438fcab17520b30a303a82b5f", size = 4955991, upload-time = "2026-03-29T13:29:33.898Z" }
wheels = [
    { url = "https://files.pythonhosted.org/packages/f4/7e/a72dd26f3b0f4f2bf1dd8923c85f7ceb43172af56d63c7383eb62b332364/pygments-2.20.0-py3-none-any.whl", hash = "sha256:81a9e26dd42fd28a23a2d169d86d7ac03b46e2f8b59ed4698fb4785f946d0176", size = 1231151, upload-time = "2026-03-29T13:29:30.038Z" },
]

[[package]]
name = "pytest"
version = "9.0.3"
source = { registry = "https://pypi.org/simple" }
dependencies = [
    { name = "colorama", marker = "sys_platform == 'win32'" },
    { name = "iniconfig" },
    { name = "packaging" },
    { name = "pluggy" },
    { name = "pygments" },
]
sdist = { url = "https://files.pythonhosted.org/packages/7d/0d/549bd94f1a0a402dc8cf64563a117c0f3765662e2e668477624baeec44d5/pytest-9.0.3.tar.gz", hash = "sha256:b86ada508af81d19edeb213c681b1d48246c1a91d304c6c81a427674c17eb91c", size = 1572165, upload-time = "2026-04-07T17:16:18.027Z" }
wheels = [
    { url = "https://files.pythonhosted.org/packages/d4/24/a372aaf5c9b7208e7112038812994107bc65a84cd00e0354a88c2c77a617/pytest-9.0.3-py3-none-any.whl", hash = "sha256:2c5efc453d45394fdd706ade797c0a81091eccd1d6e4bccfcd476e2b8e0ab5d9", size = 375249, upload-time = "2026-04-07T17:16:16.13Z" },
]

[[package]]
name = "ruff"
version = "0.15.16"
source = { registry = "https://pypi.org/simple" }
sdist = { url = "https://files.pythonhosted.org/packages/a6/bd/5f7ec371001337d8fa61701c186ff8b613ecac1651848c5950f4c4d5f2e9/ruff-0.15.16.tar.gz", hash = "sha256:d05e78d38c78caf020b03789e25106c93017db5a0cb6e2819885018c61343b78", size = 4714267, upload-time = "2026-06-04T16:33:09.974Z" }
wheels = [
    { url = "https://files.pythonhosted.org/packages/0c/42/53ef1c3953f157956db9bf7861e3bc50b9b887ce93300aa48cdba8336fe6/ruff-0.15.16-py3-none-linux_armv6l.whl", hash = "sha256:6ac3c0b3969cc6cf6b158c4e2f8f682acb58e7d700d8a44b65ecdc72d66ab0b2", size = 10709025, upload-time = "2026-06-04T16:32:51.935Z" },
    { url = "https://files.pythonhosted.org/packages/93/9a/a79159346f19134a956607754e57d8d128f7a4c00f4ad2f7514d224c172c/ruff-0.15.16-py3-none-macosx_10_12_x86_64.whl", hash = "sha256:197c207ed75ffba54a0dec23db4aa939a27a3053073e085e0042433cbdc58e4a", size = 11063550, upload-time = "2026-06-04T16:32:42.24Z" },
    { url = "https://files.pythonhosted.org/packages/bc/72/3ce2ac000a5299ec238e01f51397b3b653c93b077d9b1bfe8715bb895f20/ruff-0.15.16-py3-none-macosx_11_0_arm64.whl", hash = "sha256:3a39fec45ab316cc23e7558f23fea4a70403ddb5648ea9a4a3854a16973d0071", size = 10421345, upload-time = "2026-06-04T16:32:37.251Z" },
    { url = "https://files.pythonhosted.org/packages/b0/c2/cc7fad3ec9169373f5b6a18f1917b91080feec40c3f9658334a1d28e2f03/ruff-0.15.16-py3-none-manylinux_2_17_aarch64.manylinux2014_aarch64.whl", hash = "sha256:ba93191d79003116b95128c9d306e045200fdbd0bccb782b110f3cd1d4abc5cf", size = 10757217, upload-time = "2026-06-04T16:32:54.722Z" },
    { url = "https://files.pythonhosted.org/packages/69/d2/3474009eaa0a65b31fa7152a2fad5e2f050c640ceb1e6b02ee6922e94c82/ruff-0.15.16-py3-none-manylinux_2_17_armv7l.manylinux2014_armv7l.whl", hash = "sha256:c6ee4b90520630120ef032aa5cc10db483852dff950e78b1d717e2993a61ac8d", size = 10507035, upload-time = "2026-06-04T16:33:05.343Z" },
    { url = "https://files.pythonhosted.org/packages/ca/81/b7ae6ccbd11f0c8dc3d5d67fc4be9b57ff57ca86ba56152021378e1277f2/ruff-0.15.16-py3-none-manylinux_2_17_i686.manylinux2014_i686.whl", hash = "sha256:4e4215bc938bc3c8215c1472c1aa437e310fee20cd427335fec9d7e609563628", size = 11255291, upload-time = "2026-06-04T16:32:49.49Z" },
    { url = "https://files.pythonhosted.org/packages/d9/e1/46e526f1a7cc90857ce6ddf25fbb77eb6568651ac38d71b033af07076dd5/ruff-0.15.16-py3-none-manylinux_2_17_ppc64le.manylinux2014_ppc64le.whl", hash = "sha256:7c8d26be963b090f10e29abc8b3e74a2a321f6fa34e02424e30b5af89350ecbb", size = 12124922, upload-time = "2026-06-04T16:33:07.821Z" },
    { url = "https://files.pythonhosted.org/packages/1a/da/5c791b088b596b24d0deb967fa28ae02ad751a140c0b9ea81c5ab915d6c0/ruff-0.15.16-py3-none-manylinux_2_17_s390x.manylinux2014_s390x.whl", hash = "sha256:f198cf4123602a2280ed46c307bcbafe41758d6fee5b456b6b6058ca1514b3b4", size = 11332186, upload-time = "2026-06-04T16:33:02.971Z" },
    { url = "https://files.pythonhosted.org/packages/72/11/5da87abe20047c8962361473923ebb2f62b595250126aadfad8c20649c1e/ruff-0.15.16-py3-none-manylinux_2_17_x86_64.manylinux2014_x86_64.whl", hash = "sha256:bb27515fa6240fb586ae82b901a59e67d24acff86f2190b433dc542fe0435aeb", size = 11373541, upload-time = "2026-06-04T16:32:47.007Z" },
    { url = "https://files.pythonhosted.org/packages/fe/2a/8554754c23a854ae3fd6b507e36ad61ddb121e298c6d5d617dec94ed0f14/ruff-0.15.16-py3-none-manylinux_2_31_riscv64.whl", hash = "sha256:a267c46ba1593fc26b8eecbea050b39d40c0b6bb7781ee11c90a02cd10032951", size = 11353014, upload-time = "2026-06-04T16:32:34.795Z" },
    { url = "https://files.pythonhosted.org/packages/62/25/62ea41529ec89f742ea3fed9cb1059c72877ec7cf9b9e99ac9cf3294d1d9/ruff-0.15.16-py3-none-musllinux_1_2_aarch64.whl", hash = "sha256:528c68f39a91498a8d50e91ff5985df3d105782bab49cc378e73ac26bff083e8", size = 10737467, upload-time = "2026-06-04T16:32:26.348Z" },
    { url = "https://files.pythonhosted.org/packages/90/17/334d3ad9de4d40f9dd58fdd09e35ce64553bb501e2f19a839e2fb6be14fc/ruff-0.15.16-py3-none-musllinux_1_2_armv7l.whl", hash = "sha256:7ed55c58950df60589a9a7a5d2f8fa5f54ebd287163be805adfe6ee95a9de123", size = 10521910, upload-time = "2026-06-04T16:32:32.54Z" },
    { url = "https://files.pythonhosted.org/packages/4d/bd/3ac7c6ae77a885c1004b3dda2446ea401768d24f851c14b4ad4b24f6639c/ruff-0.15.16-py3-none-musllinux_1_2_i686.whl", hash = "sha256:d482feaf51512b50f9790ceb417a56a61dd1e9d9bf967662b9ed27c01b34f53a", size = 10979190, upload-time = "2026-06-04T16:32:57.492Z" },
    { url = "https://files.pythonhosted.org/packages/33/d7/609546e6a413c3f216fbf2a50c928f97c80939154f6a0503114094a86191/ruff-0.15.16-py3-none-musllinux_1_2_x86_64.whl", hash = "sha256:1e15bc8c94513dae2a40cc9ef07c94fdd4ecc9e29dabebeebe170f952322c9e3", size = 11477014, upload-time = "2026-06-04T16:32:44.687Z" },
    { url = "https://files.pythonhosted.org/packages/74/0d/f2cd247ad32633a5c36e97141a2c21b11c6279f7957bc2ff360b1e08fddd/ruff-0.15.16-py3-none-win32.whl", hash = "sha256:580378f7bd4aa25f72e74aa54948a9622f142b1e509521dd10902e886681cc1e", size = 10735541, upload-time = "2026-06-04T16:32:30.145Z" },
    { url = "https://files.pythonhosted.org/packages/8b/9e/02e845ef151b1dee585e55c4739f8e1734ae1d9f1221dff65761c162208b/ruff-0.15.16-py3-none-win_amd64.whl", hash = "sha256:408256017284eddf98fff77b29aa4fb30f586042d535b2d9befc6512f400aaec", size = 11843403, upload-time = "2026-06-04T16:32:39.76Z" },
    { url = "https://files.pythonhosted.org/packages/15/19/016553f86f207450aebebc2b2b5088d086b901cc8186c02ac4284db3bd88/ruff-0.15.16-py3-none-win_arm64.whl", hash = "sha256:8cd61783afb39638a7133ef0d2dfb1e91277593962f81b5a8423eb0b888a6121", size = 11134555, upload-time = "2026-06-04T16:33:00.136Z" },
]
